
Microsoft Visual Studio Solution File, Format Version 12.00
# Visual Studio Version 17
VisualStudioVersion = 17.0.32112.339
MinimumVisualStudioVersion = 10.0.40219.1
Project("{9A19103F-16F7-4668-BE54-9A1E7A4F7556}") = "Api", "Api\Api.csproj", "{0FA04FD4-BFAD-462C-AB70-BC4024EB1C8C}"
EndProject
Project("{9A19103F-16F7-4668-BE54-9A1E7A4F7556}") = "Application", "Application\Application.csproj", "{0B2D0C57-4E1B-4ED2-8CAF-A80FED1D93D0}"
EndProject
Project("{9A19103F-16F7-4668-BE54-9A1E7A4F7556}") = "ApplicationTest", "ApplicationTest\ApplicationTest.csproj", "{534755A4-5444-46B1-93B9-E386545559E3}"
EndProject
Project("{9A19103F-16F7-4668-BE54-9A1E7A4F7556}") = "Domain", "Domain\Domain.csproj", "{7742E990-1262-4E45-B2F3-62482F7A43BB}"
EndProject
Project("{9A19103F-16F7-4668-BE54-9A1E7A4F7556}") = "Frontend", "Frontend\Frontend.csproj", "{53BDC8C6-1313-4EAD-AD5F-B8BF544A10D7}"
EndProject
Project("{9A19103F-16F7-4668-BE54-9A1E7A4F7556}") = "HolidayParser", "HolidayParser\HolidayParser.csproj", "{AE8EA7BC-642C-4AB6-8A05-F1D2A35FA6B9}"
EndProject
Project("{9A19103F-16F7-4668-BE54-9A1E7A4F7556}") = "HolidayParserTest", "HolidayParserTest\HolidayParserTest.csproj", "{5792B06B-8B9F-49FE-A707-DEEA8F716590}"
EndProject
Project("{9A19103F-16F7-4668-BE54-9A1E7A4F7556}") = "AcceptanceTests", "AcceptanceTests\AcceptanceTests.csproj", "{7D50749B-3165-4BF9-905E-F7C4948B6705}"
EndProject
Project("{9A19103F-16F7-4668-BE54-9A1E7A4F7556}") = "Brokers", "Brokers\Brokers.csproj", "{3ED099CC-D4EB-4417-9A8F-AA4A16B55118}"
EndProject
Project("{FAE04EC0-301F-11D3-BF4B-00C04F79EFBC}") = "DatabaseConsole", "DatabaseConsole\DatabaseConsole.csproj", "{E470BC22-CDD1-407A-BA75-AFE14B28E39F}"
EndProject
Global
	GlobalSection(SolutionConfigurationPlatforms) = preSolution
		Debug|Any CPU = Debug|Any CPU
		Debug|x64 = Debug|x64
		Debug|x86 = Debug|x86
		Release|Any CPU = Release|Any CPU
		Release|x64 = Release|x64
		Release|x86 = Release|x86
	EndGlobalSection
	GlobalSection(ProjectConfigurationPlatforms) = postSolution
		{0FA04FD4-BFAD-462C-AB70-BC4024EB1C8C}.Debug|Any CPU.ActiveCfg = Debug|Any CPU
		{0FA04FD4-BFAD-462C-AB70-BC4024EB1C8C}.Debug|Any CPU.Build.0 = Debug|Any CPU
		{0FA04FD4-BFAD-462C-AB70-BC4024EB1C8C}.Debug|x64.ActiveCfg = Debug|Any CPU
		{0FA04FD4-BFAD-462C-AB70-BC4024EB1C8C}.Debug|x64.Build.0 = Debug|Any CPU
		{0FA04FD4-BFAD-462C-AB70-BC4024EB1C8C}.Debug|x86.ActiveCfg = Debug|Any CPU
		{0FA04FD4-BFAD-462C-AB70-BC4024EB1C8C}.Debug|x86.Build.0 = Debug|Any CPU
		{0FA04FD4-BFAD-462C-AB70-BC4024EB1C8C}.Release|Any CPU.ActiveCfg = Release|Any CPU
		{0FA04FD4-BFAD-462C-AB70-BC4024EB1C8C}.Release|Any CPU.Build.0 = Release|Any CPU
		{0FA04FD4-BFAD-462C-AB70-BC4024EB1C8C}.Release|x64.ActiveCfg = Release|Any CPU
		{0FA04FD4-BFAD-462C-AB70-BC4024EB1C8C}.Release|x64.Build.0 = Release|Any CPU
		{0FA04FD4-BFAD-462C-AB70-BC4024EB1C8C}.Release|x86.ActiveCfg = Release|Any CPU
		{0FA04FD4-BFAD-462C-AB70-BC4024EB1C8C}.Release|x86.Build.0 = Release|Any CPU
		{0B2D0C57-4E1B-4ED2-8CAF-A80FED1D93D0}.Debug|Any CPU.ActiveCfg = Debug|Any CPU
		{0B2D0C57-4E1B-4ED2-8CAF-A80FED1D93D0}.Debug|Any CPU.Build.0 = Debug|Any CPU
		{0B2D0C57-4E1B-4ED2-8CAF-A80FED1D93D0}.Debug|x64.ActiveCfg = Debug|Any CPU
		{0B2D0C57-4E1B-4ED2-8CAF-A80FED1D93D0}.Debug|x64.Build.0 = Debug|Any CPU
		{0B2D0C57-4E1B-4ED2-8CAF-A80FED1D93D0}.Debug|x86.ActiveCfg = Debug|Any CPU
		{0B2D0C57-4E1B-4ED2-8CAF-A80FED1D93D0}.Debug|x86.Build.0 = Debug|Any CPU
		{0B2D0C57-4E1B-4ED2-8CAF-A80FED1D93D0}.Release|Any CPU.ActiveCfg = Release|Any CPU
		{0B2D0C57-4E1B-4ED2-8CAF-A80FED1D93D0}.Release|Any CPU.Build.0 = Release|Any CPU
		{0B2D0C57-4E1B-4ED2-8CAF-A80FED1D93D0}.Release|x64.ActiveCfg = Release|Any CPU
		{0B2D0C57-4E1B-4ED2-8CAF-A80FED1D93D0}.Release|x64.Build.0 = Release|Any CPU
		{0B2D0C57-4E1B-4ED2-8CAF-A80FED1D93D0}.Release|x86.ActiveCfg = Release|Any CPU
		{0B2D0C57-4E1B-4ED2-8CAF-A80FED1D93D0}.Release|x86.Build.0 = Release|Any CPU
		{534755A4-5444-46B1-93B9-E386545559E3}.Debug|Any CPU.ActiveCfg = Debug|Any CPU
		{534755A4-5444-46B1-93B9-E386545559E3}.Debug|Any CPU.Build.0 = Debug|Any CPU
		{534755A4-5444-46B1-93B9-E386545559E3}.Debug|x64.ActiveCfg = Debug|Any CPU
		{534755A4-5444-46B1-93B9-E386545559E3}.Debug|x64.Build.0 = Debug|Any CPU
		{534755A4-5444-46B1-93B9-E386545559E3}.Debug|x86.ActiveCfg = Debug|Any CPU
		{534755A4-5444-46B1-93B9-E386545559E3}.Debug|x86.Build.0 = Debug|Any CPU
		{534755A4-5444-46B1-93B9-E386545559E3}.Release|Any CPU.ActiveCfg = Release|Any CPU
		{534755A4-5444-46B1-93B9-E386545559E3}.Release|Any CPU.Build.0 = Release|Any CPU
		{534755A4-5444-46B1-93B9-E386545559E3}.Release|x64.ActiveCfg = Release|Any CPU
		{534755A4-5444-46B1-93B9-E386545559E3}.Release|x64.Build.0 = Release|Any CPU
		{534755A4-5444-46B1-93B9-E386545559E3}.Release|x86.ActiveCfg = Release|Any CPU
		{534755A4-5444-46B1-93B9-E386545559E3}.Release|x86.Build.0 = Release|Any CPU
		{7742E990-1262-4E45-B2F3-62482F7A43BB}.Debug|Any CPU.ActiveCfg = Debug|Any CPU
		{7742E990-1262-4E45-B2F3-62482F7A43BB}.Debug|Any CPU.Build.0 = Debug|Any CPU
		{7742E990-1262-4E45-B2F3-62482F7A43BB}.Debug|x64.ActiveCfg = Debug|Any CPU
		{7742E990-1262-4E45-B2F3-62482F7A43BB}.Debug|x64.Build.0 = Debug|Any CPU
		{7742E990-1262-4E45-B2F3-62482F7A43BB}.Debug|x86.ActiveCfg = Debug|Any CPU
		{7742E990-1262-4E45-B2F3-62482F7A43BB}.Debug|x86.Build.0 = Debug|Any CPU
		{7742E990-1262-4E45-B2F3-62482F7A43BB}.Release|Any CPU.ActiveCfg = Release|Any CPU
		{7742E990-1262-4E45-B2F3-62482F7A43BB}.Release|Any CPU.Build.0 = Release|Any CPU
		{7742E990-1262-4E45-B2F3-62482F7A43BB}.Release|x64.ActiveCfg = Release|Any CPU
		{7742E990-1262-4E45-B2F3-62482F7A43BB}.Release|x64.Build.0 = Release|Any CPU
		{7742E990-1262-4E45-B2F3-62482F7A43BB}.Release|x86.ActiveCfg = Release|Any CPU
		{7742E990-1262-4E45-B2F3-62482F7A43BB}.Release|x86.Build.0 = Release|Any CPU
		{53BDC8C6-1313-4EAD-AD5F-B8BF544A10D7}.Debug|Any CPU.ActiveCfg = Debug|Any CPU
		{53BDC8C6-1313-4EAD-AD5F-B8BF544A10D7}.Debug|Any CPU.Build.0 = Debug|Any CPU
		{53BDC8C6-1313-4EAD-AD5F-B8BF544A10D7}.Debug|x64.ActiveCfg = Debug|Any CPU
		{53BDC8C6-1313-4EAD-AD5F-B8BF544A10D7}.Debug|x64.Build.0 = Debug|Any CPU
		{53BDC8C6-1313-4EAD-AD5F-B8BF544A10D7}.Debug|x86.ActiveCfg = Debug|Any CPU
		{53BDC8C6-1313-4EAD-AD5F-B8BF544A10D7}.Debug|x86.Build.0 = Debug|Any CPU
		{53BDC8C6-1313-4EAD-AD5F-B8BF544A10D7}.Release|Any CPU.ActiveCfg = Release|Any CPU
		{53BDC8C6-1313-4EAD-AD5F-B8BF544A10D7}.Release|Any CPU.Build.0 = Release|Any CPU
		{53BDC8C6-1313-4EAD-AD5F-B8BF544A10D7}.Release|x64.ActiveCfg = Release|Any CPU
		{53BDC8C6-1313-4EAD-AD5F-B8BF544A10D7}.Release|x64.Build.0 = Release|Any CPU
		{53BDC8C6-1313-4EAD-AD5F-B8BF544A10D7}.Release|x86.ActiveCfg = Release|Any CPU
		{53BDC8C6-1313-4EAD-AD5F-B8BF544A10D7}.Release|x86.Build.0 = Release|Any CPU
		{AE8EA7BC-642C-4AB6-8A05-F1D2A35FA6B9}.Debug|Any CPU.ActiveCfg = Debug|Any CPU
		{AE8EA7BC-642C-4AB6-8A05-F1D2A35FA6B9}.Debug|Any CPU.Build.0 = Debug|Any CPU
		{AE8EA7BC-642C-4AB6-8A05-F1D2A35FA6B9}.Debug|x64.ActiveCfg = Debug|Any CPU
		{AE8EA7BC-642C-4AB6-8A05-F1D2A35FA6B9}.Debug|x64.Build.0 = Debug|Any CPU
		{AE8EA7BC-642C-4AB6-8A05-F1D2A35FA6B9}.Debug|x86.ActiveCfg = Debug|Any CPU
		{AE8EA7BC-642C-4AB6-8A05-F1D2A35FA6B9}.Debug|x86.Build.0 = Debug|Any CPU
		{AE8EA7BC-642C-4AB6-8A05-F1D2A35FA6B9}.Release|Any CPU.ActiveCfg = Release|Any CPU
		{AE8EA7BC-642C-4AB6-8A05-F1D2A35FA6B9}.Release|Any CPU.Build.0 = Release|Any CPU
		{AE8EA7BC-642C-4AB6-8A05-F1D2A35FA6B9}.Release|x64.ActiveCfg = Release|Any CPU
		{AE8EA7BC-642C-4AB6-8A05-F1D2A35FA6B9}.Release|x64.Build.0 = Release|Any CPU
		{AE8EA7BC-642C-4AB6-8A05-F1D2A35FA6B9}.Release|x86.ActiveCfg = Release|Any CPU
		{AE8EA7BC-642C-4AB6-8A05-F1D2A35FA6B9}.Release|x86.Build.0 = Release|Any CPU
		{5792B06B-8B9F-49FE-A707-DEEA8F716590}.Debug|Any CPU.ActiveCfg = Debug|Any CPU
		{5792B06B-8B9F-49FE-A707-DEEA8F716590}.Debug|Any CPU.Build.0 = Debug|Any CPU
		{5792B06B-8B9F-49FE-A707-DEEA8F716590}.Debug|x64.ActiveCfg = Debug|Any CPU
		{5792B06B-8B9F-49FE-A707-DEEA8F716590}.Debug|x64.Build.0 = Debug|Any CPU
		{5792B06B-8B9F-49FE-A707-DEEA8F716590}.Debug|x86.ActiveCfg = Debug|Any CPU
		{5792B06B-8B9F-49FE-A707-DEEA8F716590}.Debug|x86.Build.0 = Debug|Any CPU
		{5792B06B-8B9F-49FE-A707-DEEA8F716590}.Release|Any CPU.ActiveCfg = Release|Any CPU
		{5792B06B-8B9F-49FE-A707-DEEA8F716590}.Release|Any CPU.Build.0 = Release|Any CPU
		{5792B06B-8B9F-49FE-A707-DEEA8F716590}.Release|x64.ActiveCfg = Release|Any CPU
		{5792B06B-8B9F-49FE-A707-DEEA8F716590}.Release|x64.Build.0 = Release|Any CPU
		{5792B06B-8B9F-49FE-A707-DEEA8F716590}.Release|x86.ActiveCfg = Release|Any CPU
		{5792B06B-8B9F-49FE-A707-DEEA8F716590}.Release|x86.Build.0 = Release|Any CPU
		{7D50749B-3165-4BF9-905E-F7C4948B6705}.Debug|Any CPU.ActiveCfg = Debug|Any CPU
		{7D50749B-3165-4BF9-905E-F7C4948B6705}.Debug|Any CPU.Build.0 = Debug|Any CPU
		{7D50749B-3165-4BF9-905E-F7C4948B6705}.Debug|x64.ActiveCfg = Debug|Any CPU
		{7D50749B-3165-4BF9-905E-F7C4948B6705}.Debug|x64.Build.0 = Debug|Any CPU
		{7D50749B-3165-4BF9-905E-F7C4948B6705}.Debug|x86.ActiveCfg = Debug|Any CPU
		{7D50749B-3165-4BF9-905E-F7C4948B6705}.Debug|x86.Build.0 = Debug|Any CPU
		{7D50749B-3165-4BF9-905E-F7C4948B6705}.Release|Any CPU.ActiveCfg = Release|Any CPU
		{7D50749B-3165-4BF9-905E-F7C4948B6705}.Release|Any CPU.Build.0 = Release|Any CPU
		{7D50749B-3165-4BF9-905E-F7C4948B6705}.Release|x64.ActiveCfg = Release|Any CPU
		{7D50749B-3165-4BF9-905E-F7C4948B6705}.Release|x64.Build.0 = Release|Any CPU
		{7D50749B-3165-4BF9-905E-F7C4948B6705}.Release|x86.ActiveCfg = Release|Any CPU
		{7D50749B-3165-4BF9-905E-F7C4948B6705}.Release|x86.Build.0 = Release|Any CPU
		{3ED099CC-D4EB-4417-9A8F-AA4A16B55118}.Debug|Any CPU.ActiveCfg = Debug|Any CPU
		{3ED099CC-D4EB-4417-9A8F-AA4A16B55118}.Debug|Any CPU.Build.0 = Debug|Any CPU
		{3ED099CC-D4EB-4417-9A8F-AA4A16B55118}.Debug|x64.ActiveCfg = Debug|Any CPU
		{3ED099CC-D4EB-4417-9A8F-AA4A16B55118}.Debug|x64.Build.0 = Debug|Any CPU
		{3ED099CC-D4EB-4417-9A8F-AA4A16B55118}.Debug|x86.ActiveCfg = Debug|Any CPU
		{3ED099CC-D4EB-4417-9A8F-AA4A16B55118}.Debug|x86.Build.0 = Debug|Any CPU
		{3ED099CC-D4EB-4417-9A8F-AA4A16B55118}.Release|Any CPU.ActiveCfg = Release|Any CPU
		{3ED099CC-D4EB-4417-9A8F-AA4A16B55118}.Release|Any CPU.Build.0 = Release|Any CPU
		{3ED099CC-D4EB-4417-9A8F-AA4A16B55118}.Release|x64.ActiveCfg = Release|Any CPU
		{3ED099CC-D4EB-4417-9A8F-AA4A16B55118}.Release|x64.Build.0 = Release|Any CPU
		{3ED099CC-D4EB-4417-9A8F-AA4A16B55118}.Release|x86.ActiveCfg = Release|Any CPU
		{3ED099CC-D4EB-4417-9A8F-AA4A16B55118}.Release|x86.Build.0 = Release|Any CPU
		{E470BC22-CDD1-407A-BA75-AFE14B28E39F}.Debug|Any CPU.ActiveCfg = Debug|Any CPU
		{E470BC22-CDD1-407A-BA75-AFE14B28E39F}.Debug|Any CPU.Build.0 = Debug|Any CPU
		{E470BC22-CDD1-407A-BA75-AFE14B28E39F}.Debug|x64.ActiveCfg = Debug|Any CPU
		{E470BC22-CDD1-407A-BA75-AFE14B28E39F}.Debug|x64.Build.0 = Debug|Any CPU
		{E470BC22-CDD1-407A-BA75-AFE14B28E39F}.Debug|x86.ActiveCfg = Debug|Any CPU
		{E470BC22-CDD1-407A-BA75-AFE14B28E39F}.Debug|x86.Build.0 = Debug|Any CPU
		{E470BC22-CDD1-407A-BA75-AFE14B28E39F}.Release|Any CPU.ActiveCfg = Release|Any CPU
		{E470BC22-CDD1-407A-BA75-AFE14B28E39F}.Release|Any CPU.Build.0 = Release|Any CPU
		{E470BC22-CDD1-407A-BA75-AFE14B28E39F}.Release|x64.ActiveCfg = Release|Any CPU
		{E470BC22-CDD1-407A-BA75-AFE14B28E39F}.Release|x64.Build.0 = Release|Any CPU
		{E470BC22-CDD1-407A-BA75-AFE14B28E39F}.Release|x86.ActiveCfg = Release|Any CPU
		{E470BC22-CDD1-407A-BA75-AFE14B28E39F}.Release|x86.Build.0 = Release|Any CPU
	EndGlobalSection
	GlobalSection(SolutionProperties) = preSolution
		HideSolutionNode = FALSE
	EndGlobalSection
	GlobalSection(ExtensibilityGlobals) = postSolution
		SolutionGuid = {6AC34EF5-24BD-4866-97FA-DE6E67C59BEA}
	EndGlobalSection
EndGlobal
